
Microsoft Visual Studio Solution File, Format Version 12.00
# Visual Studio Version 16
VisualStudioVersion = 16.0.29519.87
MinimumVisualStudioVersion = 10.0.40219.1
Project("{FAE04EC0-301F-11D3-BF4B-00C04F79EFBC}") = "AffineTransforms_3D", "AffineTransforms_3D\AffineTransforms_3D.csproj", "{F57B0335-A2BD-41AF-9364-9EE290B11DC9}"
EndProject
Project("{FAE04EC0-301F-11D3-BF4B-00C04F79EFBC}") = "ConsoleApp", "ConsoleApp\ConsoleApp.csproj", "{90B22A38-B8A1-4F5B-97FC-7F0828576853}"
EndProject
Global
	GlobalSection(SolutionConfigurationPlatforms) = preSolution
		Debug|Any CPU = Debug|Any CPU
		Release|Any CPU = Release|Any CPU
	EndGlobalSection
	GlobalSection(ProjectConfigurationPlatforms) = postSolution
		{F57B0335-A2BD-41AF-9364-9EE290B11DC9}.Debug|Any CPU.ActiveCfg = Debug|Any CPU
		{F57B0335-A2BD-41AF-9364-9EE290B11DC9}.Debug|Any CPU.Build.0 = Debug|Any CPU
		{F57B0335-A2BD-41AF-9364-9EE290B11DC9}.Release|Any CPU.ActiveCfg = Release|Any CPU
		{F57B0335-A2BD-41AF-9364-9EE290B11DC9}.Release|Any CPU.Build.0 = Release|Any CPU
		{90B22A38-B8A1-4F5B-97FC-7F0828576853}.Debug|Any CPU.ActiveCfg = Debug|Any CPU
		{90B22A38-B8A1-4F5B-97FC-7F0828576853}.Debug|Any CPU.Build.0 = Debug|Any CPU
		{90B22A38-B8A1-4F5B-97FC-7F0828576853}.Release|Any CPU.ActiveCfg = Release|Any CPU
		{90B22A38-B8A1-4F5B-97FC-7F0828576853}.Release|Any CPU.Build.0 = Release|Any CPU
	EndGlobalSection
	GlobalSection(SolutionProperties) = preSolution
		HideSolutionNode = FALSE
	EndGlobalSection
	GlobalSection(ExtensibilityGlobals) = postSolution
		SolutionGuid = {917907AC-6C65-4619-8081-3871E09AE5CF}
	EndGlobalSection
EndGlobal
